
Microsoft Visual Studio Solution File, Format Version 12.00
# Visual Studio 14
VisualStudioVersion = 14.0.25123.0
MinimumVisualStudioVersion = 10.0.40219.1
Project("{FAE04EC0-301F-11D3-BF4B-00C04F79EFBC}") = "comp2007-lab-2-0", "comp2007-lab-2-0\comp2007-lab-2-0.csproj", "{D6B6C077-AF29-4502-8832-F828622F6AB8}"
EndProject
Project("{2150E333-8FDC-42A3-9474-1A3956D46DE8}") = "Solution Items", "Solution Items", "{A9223B77-081B-457B-B7BB-B1B2C446007E}"
EndProject
Global
	GlobalSection(SolutionConfigurationPlatforms) = preSolution
		Debug|Any CPU = Debug|Any CPU
		Release|Any CPU = Release|Any CPU
	EndGlobalSection
	GlobalSection(ProjectConfigurationPlatforms) = postSolution
		{D6B6C077-AF29-4502-8832-F828622F6AB8}.Debug|Any CPU.ActiveCfg = Debug|Any CPU
		{D6B6C077-AF29-4502-8832-F828622F6AB8}.Debug|Any CPU.Build.0 = Debug|Any CPU
		{D6B6C077-AF29-4502-8832-F828622F6AB8}.Release|Any CPU.ActiveCfg = Release|Any CPU
		{D6B6C077-AF29-4502-8832-F828622F6AB8}.Release|Any CPU.Build.0 = Release|Any CPU
	EndGlobalSection
	GlobalSection(SolutionProperties) = preSolution
		HideSolutionNode = FALSE
	EndGlobalSection
EndGlobal
